
Microsoft Visual Studio Solution File, Format Version 12.00
# Visual Studio Version 17
VisualStudioVersion = 17.10.35122.118
MinimumVisualStudioVersion = 10.0.40219.1
Project("{FAE04EC0-301F-11D3-BF4B-00C04F79EFBC}") = "NameStartsWithB", "NameStartsWithB\NameStartsWithB.csproj", "{64CE29D5-6718-4EDF-94BB-1192237E16AB}"
EndProject
Global
	GlobalSection(SolutionConfigurationPlatforms) = preSolution
		Debug|Any CPU = Debug|Any CPU
		Release|Any CPU = Release|Any CPU
	EndGlobalSection
	GlobalSection(ProjectConfigurationPlatforms) = postSolution
		{64CE29D5-6718-4EDF-94BB-1192237E16AB}.Debug|Any CPU.ActiveCfg = Debug|Any CPU
		{64CE29D5-6718-4EDF-94BB-1192237E16AB}.Debug|Any CPU.Build.0 = Debug|Any CPU
		{64CE29D5-6718-4EDF-94BB-1192237E16AB}.Release|Any CPU.ActiveCfg = Release|Any CPU
		{64CE29D5-6718-4EDF-94BB-1192237E16AB}.Release|Any CPU.Build.0 = Release|Any CPU
	EndGlobalSection
	GlobalSection(SolutionProperties) = preSolution
		HideSolutionNode = FALSE
	EndGlobalSection
	GlobalSection(ExtensibilityGlobals) = postSolution
		SolutionGuid = {83978E49-EEA3-4297-8C05-56DFAAD9C70B}
	EndGlobalSection
EndGlobal
